
Microsoft Visual Studio Solution File, Format Version 12.00
# Visual Studio Version 17
VisualStudioVersion = 17.5.002.0
MinimumVisualStudioVersion = 10.0.40219.1
Project("{9A19103F-16F7-4668-BE54-9A1E7A4F7556}") = "Starshine.Authservice.Web.Web", "Starshine.Authservice.Web.Web.csproj", "{86B2391A-F893-464F-B6BE-A6359E632C1A}"
EndProject
Global
	GlobalSection(SolutionConfigurationPlatforms) = preSolution
		Debug|Any CPU = Debug|Any CPU
		Release|Any CPU = Release|Any CPU
	EndGlobalSection
	GlobalSection(ProjectConfigurationPlatforms) = postSolution
		{86B2391A-F893-464F-B6BE-A6359E632C1A}.Debug|Any CPU.ActiveCfg = Debug|Any CPU
		{86B2391A-F893-464F-B6BE-A6359E632C1A}.Debug|Any CPU.Build.0 = Debug|Any CPU
		{86B2391A-F893-464F-B6BE-A6359E632C1A}.Release|Any CPU.ActiveCfg = Release|Any CPU
		{86B2391A-F893-464F-B6BE-A6359E632C1A}.Release|Any CPU.Build.0 = Release|Any CPU
	EndGlobalSection
	GlobalSection(SolutionProperties) = preSolution
		HideSolutionNode = FALSE
	EndGlobalSection
	GlobalSection(ExtensibilityGlobals) = postSolution
		SolutionGuid = {D91047D0-D439-4783-BF93-C7F7416AA391}
	EndGlobalSection
EndGlobal
