
Microsoft Visual Studio Solution File, Format Version 12.00
# Visual Studio Version 17
VisualStudioVersion = 17.8.34601.278
MinimumVisualStudioVersion = 10.0.40219.1
Project("{9A19103F-16F7-4668-BE54-9A1E7A4F7556}") = "Starshine.Authservice", "Starshine.Authservice\Starshine.Authservice.csproj", "{F250ED18-37AE-4989-A2A2-A94FD875226D}"
EndProject
Project("{9A19103F-16F7-4668-BE54-9A1E7A4F7556}") = "Starshine.Authservice.Extensions", "Starshine.Authservice.Extensions\Starshine.Authservice.Extensions.csproj", "{8CD8CD18-4C5B-4B3A-8EC7-D95A0C5EB525}"
EndProject
Project("{2150E333-8FDC-42A3-9474-1A3956D46DE8}") = "src", "src", "{7CA2049A-2FF2-4229-88F9-F0E8ED1868C2}"
EndProject
Project("{2150E333-8FDC-42A3-9474-1A3956D46DE8}") = "build", "build", "{079AAFD7-895E-40DE-B8B0-E134CAF46990}"
	ProjectSection(SolutionItems) = preProject
		.dockerignore = .dockerignore
		build\.env = build\.env
		build\build.sh = build\build.sh
		build\docker-compose.yml = build\docker-compose.yml
		build\publish.docker-compose.bat = build\publish.docker-compose.bat
		build\run.sh = build\run.sh
	EndProjectSection
EndProject
Project("{9A19103F-16F7-4668-BE54-9A1E7A4F7556}") = "Starshine.Authservice.Application", "Starshine.Authservice.Application\Starshine.Authservice.Application.csproj", "{3B22F224-80BE-4236-A07B-8DF2B8DF3624}"
EndProject
Project("{9A19103F-16F7-4668-BE54-9A1E7A4F7556}") = "Starshine.Authservice.Domain", "Starshine.Authservice.Domain\Starshine.Authservice.Domain.csproj", "{0C4C0EE4-1A1F-4B16-B11A-6B5E2B6F210C}"
EndProject
Project("{9A19103F-16F7-4668-BE54-9A1E7A4F7556}") = "Starshine.Authservice.Application.Contracts", "Starshine.Authservice.Application.Contracts\Starshine.Authservice.Application.Contracts.csproj", "{D9C8EC78-5EC6-4CD9-8972-8EABE2437A32}"
EndProject
Project("{9A19103F-16F7-4668-BE54-9A1E7A4F7556}") = "Starshine.Authservice.EntityFrameworkCore", "Starshine.Authservice.EntityFrameworkCore\Starshine.Authservice.EntityFrameworkCore.csproj", "{D4F0CDEF-31CB-4F6C-85A3-A29CF4AFBBD2}"
EndProject
Project("{2150E333-8FDC-42A3-9474-1A3956D46DE8}") = "starshinabp", "starshinabp", "{6971AA6D-DF93-4AA5-99A0-AF3E199B1D47}"
EndProject
Project("{9A19103F-16F7-4668-BE54-9A1E7A4F7556}") = "Starshine.Abp.AspNetCore", "..\..\starshine-abp\framework\src\Starshine.Abp.AspNetCore\Starshine.Abp.AspNetCore.csproj", "{798C5213-C37A-4B96-A2A3-6CB1154A580C}"
EndProject
Project("{9A19103F-16F7-4668-BE54-9A1E7A4F7556}") = "Starshine.Abp.Caching.FreeRedis", "..\..\starshine-abp\framework\src\Starshine.Abp.Caching.FreeRedis\Starshine.Abp.Caching.FreeRedis.csproj", "{08170ED9-176F-444E-823F-C4C3C291946C}"
EndProject
Project("{9A19103F-16F7-4668-BE54-9A1E7A4F7556}") = "Starshine.Abp.Core", "..\..\starshine-abp\framework\src\Starshine.Abp.Core\Starshine.Abp.Core.csproj", "{D1EBA04F-11FA-437D-9FDB-0F93F3B734C1}"
EndProject
Project("{9A19103F-16F7-4668-BE54-9A1E7A4F7556}") = "Starshine.Abp.Swashbuckle", "..\..\starshine-abp\framework\src\Starshine.Abp.Swashbuckle\Starshine.Abp.Swashbuckle.csproj", "{43D18408-B81A-465E-9444-40A0043E88FD}"
EndProject
Project("{9A19103F-16F7-4668-BE54-9A1E7A4F7556}") = "Starshine.Authservice.Domain.Shared", "Starshine.Authservice.Domain.Shared\Starshine.Authservice.Domain.Shared.csproj", "{5BAE2C02-BA30-43EB-9C78-066E47877043}"
EndProject
Project("{9A19103F-16F7-4668-BE54-9A1E7A4F7556}") = "Starshine.Abp.Ddd.Application.Contracts", "..\..\starshine-abp\framework\src\Starshine.Abp.Ddd.Application.Contracts\Starshine.Abp.Ddd.Application.Contracts.csproj", "{512E221E-2DE7-4BF1-BEF6-7DF8AE010805}"
EndProject
Project("{9A19103F-16F7-4668-BE54-9A1E7A4F7556}") = "Starshine.Abp.Ddd.Application", "..\..\starshine-abp\framework\src\Starshine.Abp.Ddd.Application\Starshine.Abp.Ddd.Application.csproj", "{2490DB1C-209E-4230-8CAB-ACFC84507380}"
EndProject
Global
	GlobalSection(SolutionConfigurationPlatforms) = preSolution
		Debug|Any CPU = Debug|Any CPU
		Release|Any CPU = Release|Any CPU
	EndGlobalSection
	GlobalSection(ProjectConfigurationPlatforms) = postSolution
		{F250ED18-37AE-4989-A2A2-A94FD875226D}.Debug|Any CPU.ActiveCfg = Debug|Any CPU
		{F250ED18-37AE-4989-A2A2-A94FD875226D}.Debug|Any CPU.Build.0 = Debug|Any CPU
		{F250ED18-37AE-4989-A2A2-A94FD875226D}.Release|Any CPU.ActiveCfg = Release|Any CPU
		{F250ED18-37AE-4989-A2A2-A94FD875226D}.Release|Any CPU.Build.0 = Release|Any CPU
		{8CD8CD18-4C5B-4B3A-8EC7-D95A0C5EB525}.Debug|Any CPU.ActiveCfg = Debug|Any CPU
		{8CD8CD18-4C5B-4B3A-8EC7-D95A0C5EB525}.Debug|Any CPU.Build.0 = Debug|Any CPU
		{8CD8CD18-4C5B-4B3A-8EC7-D95A0C5EB525}.Release|Any CPU.ActiveCfg = Release|Any CPU
		{8CD8CD18-4C5B-4B3A-8EC7-D95A0C5EB525}.Release|Any CPU.Build.0 = Release|Any CPU
		{3B22F224-80BE-4236-A07B-8DF2B8DF3624}.Debug|Any CPU.ActiveCfg = Debug|Any CPU
		{3B22F224-80BE-4236-A07B-8DF2B8DF3624}.Debug|Any CPU.Build.0 = Debug|Any CPU
		{3B22F224-80BE-4236-A07B-8DF2B8DF3624}.Release|Any CPU.ActiveCfg = Release|Any CPU
		{3B22F224-80BE-4236-A07B-8DF2B8DF3624}.Release|Any CPU.Build.0 = Release|Any CPU
		{0C4C0EE4-1A1F-4B16-B11A-6B5E2B6F210C}.Debug|Any CPU.ActiveCfg = Debug|Any CPU
		{0C4C0EE4-1A1F-4B16-B11A-6B5E2B6F210C}.Debug|Any CPU.Build.0 = Debug|Any CPU
		{0C4C0EE4-1A1F-4B16-B11A-6B5E2B6F210C}.Release|Any CPU.ActiveCfg = Release|Any CPU
		{0C4C0EE4-1A1F-4B16-B11A-6B5E2B6F210C}.Release|Any CPU.Build.0 = Release|Any CPU
		{D9C8EC78-5EC6-4CD9-8972-8EABE2437A32}.Debug|Any CPU.ActiveCfg = Debug|Any CPU
		{D9C8EC78-5EC6-4CD9-8972-8EABE2437A32}.Debug|Any CPU.Build.0 = Debug|Any CPU
		{D9C8EC78-5EC6-4CD9-8972-8EABE2437A32}.Release|Any CPU.ActiveCfg = Release|Any CPU
		{D9C8EC78-5EC6-4CD9-8972-8EABE2437A32}.Release|Any CPU.Build.0 = Release|Any CPU
		{D4F0CDEF-31CB-4F6C-85A3-A29CF4AFBBD2}.Debug|Any CPU.ActiveCfg = Debug|Any CPU
		{D4F0CDEF-31CB-4F6C-85A3-A29CF4AFBBD2}.Debug|Any CPU.Build.0 = Debug|Any CPU
		{D4F0CDEF-31CB-4F6C-85A3-A29CF4AFBBD2}.Release|Any CPU.ActiveCfg = Release|Any CPU
		{D4F0CDEF-31CB-4F6C-85A3-A29CF4AFBBD2}.Release|Any CPU.Build.0 = Release|Any CPU
		{798C5213-C37A-4B96-A2A3-6CB1154A580C}.Debug|Any CPU.ActiveCfg = Debug|Any CPU
		{798C5213-C37A-4B96-A2A3-6CB1154A580C}.Debug|Any CPU.Build.0 = Debug|Any CPU
		{798C5213-C37A-4B96-A2A3-6CB1154A580C}.Release|Any CPU.ActiveCfg = Release|Any CPU
		{798C5213-C37A-4B96-A2A3-6CB1154A580C}.Release|Any CPU.Build.0 = Release|Any CPU
		{08170ED9-176F-444E-823F-C4C3C291946C}.Debug|Any CPU.ActiveCfg = Debug|Any CPU
		{08170ED9-176F-444E-823F-C4C3C291946C}.Debug|Any CPU.Build.0 = Debug|Any CPU
		{08170ED9-176F-444E-823F-C4C3C291946C}.Release|Any CPU.ActiveCfg = Release|Any CPU
		{08170ED9-176F-444E-823F-C4C3C291946C}.Release|Any CPU.Build.0 = Release|Any CPU
		{D1EBA04F-11FA-437D-9FDB-0F93F3B734C1}.Debug|Any CPU.ActiveCfg = Debug|Any CPU
		{D1EBA04F-11FA-437D-9FDB-0F93F3B734C1}.Debug|Any CPU.Build.0 = Debug|Any CPU
		{D1EBA04F-11FA-437D-9FDB-0F93F3B734C1}.Release|Any CPU.ActiveCfg = Release|Any CPU
		{D1EBA04F-11FA-437D-9FDB-0F93F3B734C1}.Release|Any CPU.Build.0 = Release|Any CPU
		{43D18408-B81A-465E-9444-40A0043E88FD}.Debug|Any CPU.ActiveCfg = Debug|Any CPU
		{43D18408-B81A-465E-9444-40A0043E88FD}.Debug|Any CPU.Build.0 = Debug|Any CPU
		{43D18408-B81A-465E-9444-40A0043E88FD}.Release|Any CPU.ActiveCfg = Release|Any CPU
		{43D18408-B81A-465E-9444-40A0043E88FD}.Release|Any CPU.Build.0 = Release|Any CPU
		{5BAE2C02-BA30-43EB-9C78-066E47877043}.Debug|Any CPU.ActiveCfg = Debug|Any CPU
		{5BAE2C02-BA30-43EB-9C78-066E47877043}.Debug|Any CPU.Build.0 = Debug|Any CPU
		{5BAE2C02-BA30-43EB-9C78-066E47877043}.Release|Any CPU.ActiveCfg = Release|Any CPU
		{5BAE2C02-BA30-43EB-9C78-066E47877043}.Release|Any CPU.Build.0 = Release|Any CPU
		{512E221E-2DE7-4BF1-BEF6-7DF8AE010805}.Debug|Any CPU.ActiveCfg = Debug|Any CPU
		{512E221E-2DE7-4BF1-BEF6-7DF8AE010805}.Debug|Any CPU.Build.0 = Debug|Any CPU
		{512E221E-2DE7-4BF1-BEF6-7DF8AE010805}.Release|Any CPU.ActiveCfg = Release|Any CPU
		{512E221E-2DE7-4BF1-BEF6-7DF8AE010805}.Release|Any CPU.Build.0 = Release|Any CPU
		{2490DB1C-209E-4230-8CAB-ACFC84507380}.Debug|Any CPU.ActiveCfg = Debug|Any CPU
		{2490DB1C-209E-4230-8CAB-ACFC84507380}.Debug|Any CPU.Build.0 = Debug|Any CPU
		{2490DB1C-209E-4230-8CAB-ACFC84507380}.Release|Any CPU.ActiveCfg = Release|Any CPU
		{2490DB1C-209E-4230-8CAB-ACFC84507380}.Release|Any CPU.Build.0 = Release|Any CPU
	EndGlobalSection
	GlobalSection(SolutionProperties) = preSolution
		HideSolutionNode = FALSE
	EndGlobalSection
	GlobalSection(NestedProjects) = preSolution
		{F250ED18-37AE-4989-A2A2-A94FD875226D} = {7CA2049A-2FF2-4229-88F9-F0E8ED1868C2}
		{8CD8CD18-4C5B-4B3A-8EC7-D95A0C5EB525} = {7CA2049A-2FF2-4229-88F9-F0E8ED1868C2}
		{3B22F224-80BE-4236-A07B-8DF2B8DF3624} = {7CA2049A-2FF2-4229-88F9-F0E8ED1868C2}
		{0C4C0EE4-1A1F-4B16-B11A-6B5E2B6F210C} = {7CA2049A-2FF2-4229-88F9-F0E8ED1868C2}
		{D9C8EC78-5EC6-4CD9-8972-8EABE2437A32} = {7CA2049A-2FF2-4229-88F9-F0E8ED1868C2}
		{D4F0CDEF-31CB-4F6C-85A3-A29CF4AFBBD2} = {7CA2049A-2FF2-4229-88F9-F0E8ED1868C2}
		{798C5213-C37A-4B96-A2A3-6CB1154A580C} = {6971AA6D-DF93-4AA5-99A0-AF3E199B1D47}
		{08170ED9-176F-444E-823F-C4C3C291946C} = {6971AA6D-DF93-4AA5-99A0-AF3E199B1D47}
		{D1EBA04F-11FA-437D-9FDB-0F93F3B734C1} = {6971AA6D-DF93-4AA5-99A0-AF3E199B1D47}
		{43D18408-B81A-465E-9444-40A0043E88FD} = {6971AA6D-DF93-4AA5-99A0-AF3E199B1D47}
		{5BAE2C02-BA30-43EB-9C78-066E47877043} = {7CA2049A-2FF2-4229-88F9-F0E8ED1868C2}
		{512E221E-2DE7-4BF1-BEF6-7DF8AE010805} = {6971AA6D-DF93-4AA5-99A0-AF3E199B1D47}
		{2490DB1C-209E-4230-8CAB-ACFC84507380} = {6971AA6D-DF93-4AA5-99A0-AF3E199B1D47}
	EndGlobalSection
	GlobalSection(ExtensibilityGlobals) = postSolution
		SolutionGuid = {908410DD-9E1E-4818-8CC5-B2F91948B075}
	EndGlobalSection
EndGlobal
